
Microsoft Visual Studio Solution File, Format Version 12.00
# Visual Studio Version 17
VisualStudioVersion = 17.8.34316.72
MinimumVisualStudioVersion = 10.0.40219.1
Project("{FAE04EC0-301F-11D3-BF4B-00C04F79EFBC}") = "IoTDeviceTrigger", "IoTDeviceTrigger.csproj", "{D0546714-DD03-4D0A-AD9E-EE4A6ACBE01D}"
EndProject
Global
	GlobalSection(SolutionConfigurationPlatforms) = preSolution
		Debug|Any CPU = Debug|Any CPU
		Release|Any CPU = Release|Any CPU
	EndGlobalSection
	GlobalSection(ProjectConfigurationPlatforms) = postSolution
		{D0546714-DD03-4D0A-AD9E-EE4A6ACBE01D}.Debug|Any CPU.ActiveCfg = Debug|Any CPU
		{D0546714-DD03-4D0A-AD9E-EE4A6ACBE01D}.Debug|Any CPU.Build.0 = Debug|Any CPU
		{D0546714-DD03-4D0A-AD9E-EE4A6ACBE01D}.Release|Any CPU.ActiveCfg = Release|Any CPU
		{D0546714-DD03-4D0A-AD9E-EE4A6ACBE01D}.Release|Any CPU.Build.0 = Release|Any CPU
	EndGlobalSection
	GlobalSection(SolutionProperties) = preSolution
		HideSolutionNode = FALSE
	EndGlobalSection
	GlobalSection(ExtensibilityGlobals) = postSolution
		SolutionGuid = {ECB25EC0-A94C-4ADE-9E70-A9E176B1D61F}
	EndGlobalSection
EndGlobal
